
Microsoft Visual Studio Solution File, Format Version 11.00
# Visual Studio 2010
Project("{6989167D-11E4-40FE-8C1A-2192A86A7E90}") = "shared-F90", "shared\shared-F90.vfproj", "{137A04DE-8D3A-4732-814A-0539EE612DC7}"
	ProjectSection(ProjectDependencies) = postProject
		{82CEB68B-2DE0-4811-B0BA-6CC5731D4A64} = {82CEB68B-2DE0-4811-B0BA-6CC5731D4A64}
	EndProjectSection
EndProject
Project("{8BC9CEB8-8B4A-11D0-8D11-00A0C91BC942}") = "shared-C", "shared\shared-C.vcxproj", "{82CEB68B-2DE0-4811-B0BA-6CC5731D4A64}"
EndProject
Project("{6989167D-11E4-40FE-8C1A-2192A86A7E90}") = "coupled", "coupled\coupled.vfproj", "{577AFFA2-0462-4E1D-B8DD-5C9D97A882F6}"
	ProjectSection(ProjectDependencies) = postProject
		{FCB8E576-A433-4B33-A12B-4FAA1F48D676} = {FCB8E576-A433-4B33-A12B-4FAA1F48D676}
		{82CEB68B-2DE0-4811-B0BA-6CC5731D4A64} = {82CEB68B-2DE0-4811-B0BA-6CC5731D4A64}
		{7BD311BE-BF79-43B5-BDCA-80123BB118E7} = {7BD311BE-BF79-43B5-BDCA-80123BB118E7}
		{0E96ADC5-DBC1-4699-A224-FE745DF16E64} = {0E96ADC5-DBC1-4699-A224-FE745DF16E64}
		{137A04DE-8D3A-4732-814A-0539EE612DC7} = {137A04DE-8D3A-4732-814A-0539EE612DC7}
		{940BFAE9-14EE-4C2E-A5BC-F7B142ADF81F} = {940BFAE9-14EE-4C2E-A5BC-F7B142ADF81F}
	EndProjectSection
EndProject
Project("{6989167D-11E4-40FE-8C1A-2192A86A7E90}") = "solo", "solo\solo.vfproj", "{6D402B2E-8314-4741-B169-7457C6842FB1}"
	ProjectSection(ProjectDependencies) = postProject
		{82CEB68B-2DE0-4811-B0BA-6CC5731D4A64} = {82CEB68B-2DE0-4811-B0BA-6CC5731D4A64}
		{137A04DE-8D3A-4732-814A-0539EE612DC7} = {137A04DE-8D3A-4732-814A-0539EE612DC7}
		{940BFAE9-14EE-4C2E-A5BC-F7B142ADF81F} = {940BFAE9-14EE-4C2E-A5BC-F7B142ADF81F}
	EndProjectSection
EndProject
Project("{6989167D-11E4-40FE-8C1A-2192A86A7E90}") = "ocean", "ocean.vfproj", "{940BFAE9-14EE-4C2E-A5BC-F7B142ADF81F}"
	ProjectSection(ProjectDependencies) = postProject
		{82CEB68B-2DE0-4811-B0BA-6CC5731D4A64} = {82CEB68B-2DE0-4811-B0BA-6CC5731D4A64}
		{137A04DE-8D3A-4732-814A-0539EE612DC7} = {137A04DE-8D3A-4732-814A-0539EE612DC7}
	EndProjectSection
EndProject
Project("{6989167D-11E4-40FE-8C1A-2192A86A7E90}") = "land_null", "land_null.vfproj", "{0E96ADC5-DBC1-4699-A224-FE745DF16E64}"
	ProjectSection(ProjectDependencies) = postProject
		{82CEB68B-2DE0-4811-B0BA-6CC5731D4A64} = {82CEB68B-2DE0-4811-B0BA-6CC5731D4A64}
		{137A04DE-8D3A-4732-814A-0539EE612DC7} = {137A04DE-8D3A-4732-814A-0539EE612DC7}
	EndProjectSection
EndProject
Project("{6989167D-11E4-40FE-8C1A-2192A86A7E90}") = "atmos_null", "atmos_null.vfproj", "{7BD311BE-BF79-43B5-BDCA-80123BB118E7}"
	ProjectSection(ProjectDependencies) = postProject
		{82CEB68B-2DE0-4811-B0BA-6CC5731D4A64} = {82CEB68B-2DE0-4811-B0BA-6CC5731D4A64}
		{137A04DE-8D3A-4732-814A-0539EE612DC7} = {137A04DE-8D3A-4732-814A-0539EE612DC7}
	EndProjectSection
EndProject
Project("{6989167D-11E4-40FE-8C1A-2192A86A7E90}") = "ice", "ice.vfproj", "{FCB8E576-A433-4B33-A12B-4FAA1F48D676}"
	ProjectSection(ProjectDependencies) = postProject
		{82CEB68B-2DE0-4811-B0BA-6CC5731D4A64} = {82CEB68B-2DE0-4811-B0BA-6CC5731D4A64}
		{137A04DE-8D3A-4732-814A-0539EE612DC7} = {137A04DE-8D3A-4732-814A-0539EE612DC7}
	EndProjectSection
EndProject
Global
	GlobalSection(SolutionConfigurationPlatforms) = preSolution
		Debug|Win32 = Debug|Win32
		Debug|x64 = Debug|x64
		Release|Win32 = Release|Win32
		Release|x64 = Release|x64
	EndGlobalSection
	GlobalSection(ProjectConfigurationPlatforms) = postSolution
		{137A04DE-8D3A-4732-814A-0539EE612DC7}.Debug|Win32.ActiveCfg = Debug|Win32
		{137A04DE-8D3A-4732-814A-0539EE612DC7}.Debug|Win32.Build.0 = Debug|Win32
		{137A04DE-8D3A-4732-814A-0539EE612DC7}.Debug|x64.ActiveCfg = Debug|x64
		{137A04DE-8D3A-4732-814A-0539EE612DC7}.Debug|x64.Build.0 = Debug|x64
		{137A04DE-8D3A-4732-814A-0539EE612DC7}.Release|Win32.ActiveCfg = Release|Win32
		{137A04DE-8D3A-4732-814A-0539EE612DC7}.Release|Win32.Build.0 = Release|Win32
		{137A04DE-8D3A-4732-814A-0539EE612DC7}.Release|x64.ActiveCfg = Release|x64
		{137A04DE-8D3A-4732-814A-0539EE612DC7}.Release|x64.Build.0 = Release|x64
		{82CEB68B-2DE0-4811-B0BA-6CC5731D4A64}.Debug|Win32.ActiveCfg = Debug|Win32
		{82CEB68B-2DE0-4811-B0BA-6CC5731D4A64}.Debug|Win32.Build.0 = Debug|Win32
		{82CEB68B-2DE0-4811-B0BA-6CC5731D4A64}.Debug|x64.ActiveCfg = Debug|x64
		{82CEB68B-2DE0-4811-B0BA-6CC5731D4A64}.Debug|x64.Build.0 = Debug|x64
		{82CEB68B-2DE0-4811-B0BA-6CC5731D4A64}.Release|Win32.ActiveCfg = Release|Win32
		{82CEB68B-2DE0-4811-B0BA-6CC5731D4A64}.Release|Win32.Build.0 = Release|Win32
		{82CEB68B-2DE0-4811-B0BA-6CC5731D4A64}.Release|x64.ActiveCfg = Release|x64
		{82CEB68B-2DE0-4811-B0BA-6CC5731D4A64}.Release|x64.Build.0 = Release|x64
		{577AFFA2-0462-4E1D-B8DD-5C9D97A882F6}.Debug|Win32.ActiveCfg = Debug|Win32
		{577AFFA2-0462-4E1D-B8DD-5C9D97A882F6}.Debug|Win32.Build.0 = Debug|Win32
		{577AFFA2-0462-4E1D-B8DD-5C9D97A882F6}.Debug|x64.ActiveCfg = Debug|x64
		{577AFFA2-0462-4E1D-B8DD-5C9D97A882F6}.Debug|x64.Build.0 = Debug|x64
		{577AFFA2-0462-4E1D-B8DD-5C9D97A882F6}.Release|Win32.ActiveCfg = Release|Win32
		{577AFFA2-0462-4E1D-B8DD-5C9D97A882F6}.Release|Win32.Build.0 = Release|Win32
		{577AFFA2-0462-4E1D-B8DD-5C9D97A882F6}.Release|x64.ActiveCfg = Release|x64
		{577AFFA2-0462-4E1D-B8DD-5C9D97A882F6}.Release|x64.Build.0 = Release|x64
		{6D402B2E-8314-4741-B169-7457C6842FB1}.Debug|Win32.ActiveCfg = Debug|Win32
		{6D402B2E-8314-4741-B169-7457C6842FB1}.Debug|Win32.Build.0 = Debug|Win32
		{6D402B2E-8314-4741-B169-7457C6842FB1}.Debug|x64.ActiveCfg = Debug|x64
		{6D402B2E-8314-4741-B169-7457C6842FB1}.Debug|x64.Build.0 = Debug|x64
		{6D402B2E-8314-4741-B169-7457C6842FB1}.Release|Win32.ActiveCfg = Release|Win32
		{6D402B2E-8314-4741-B169-7457C6842FB1}.Release|Win32.Build.0 = Release|Win32
		{6D402B2E-8314-4741-B169-7457C6842FB1}.Release|x64.ActiveCfg = Release|x64
		{6D402B2E-8314-4741-B169-7457C6842FB1}.Release|x64.Build.0 = Release|x64
		{940BFAE9-14EE-4C2E-A5BC-F7B142ADF81F}.Debug|Win32.ActiveCfg = Debug|Win32
		{940BFAE9-14EE-4C2E-A5BC-F7B142ADF81F}.Debug|Win32.Build.0 = Debug|Win32
		{940BFAE9-14EE-4C2E-A5BC-F7B142ADF81F}.Debug|x64.ActiveCfg = Debug|x64
		{940BFAE9-14EE-4C2E-A5BC-F7B142ADF81F}.Debug|x64.Build.0 = Debug|x64
		{940BFAE9-14EE-4C2E-A5BC-F7B142ADF81F}.Release|Win32.ActiveCfg = Release|Win32
		{940BFAE9-14EE-4C2E-A5BC-F7B142ADF81F}.Release|Win32.Build.0 = Release|Win32
		{940BFAE9-14EE-4C2E-A5BC-F7B142ADF81F}.Release|x64.ActiveCfg = Release|x64
		{940BFAE9-14EE-4C2E-A5BC-F7B142ADF81F}.Release|x64.Build.0 = Release|x64
		{0E96ADC5-DBC1-4699-A224-FE745DF16E64}.Debug|Win32.ActiveCfg = Debug|Win32
		{0E96ADC5-DBC1-4699-A224-FE745DF16E64}.Debug|Win32.Build.0 = Debug|Win32
		{0E96ADC5-DBC1-4699-A224-FE745DF16E64}.Debug|x64.ActiveCfg = Debug|x64
		{0E96ADC5-DBC1-4699-A224-FE745DF16E64}.Debug|x64.Build.0 = Debug|x64
		{0E96ADC5-DBC1-4699-A224-FE745DF16E64}.Release|Win32.ActiveCfg = Release|Win32
		{0E96ADC5-DBC1-4699-A224-FE745DF16E64}.Release|Win32.Build.0 = Release|Win32
		{0E96ADC5-DBC1-4699-A224-FE745DF16E64}.Release|x64.ActiveCfg = Release|x64
		{0E96ADC5-DBC1-4699-A224-FE745DF16E64}.Release|x64.Build.0 = Release|x64
		{7BD311BE-BF79-43B5-BDCA-80123BB118E7}.Debug|Win32.ActiveCfg = Debug|Win32
		{7BD311BE-BF79-43B5-BDCA-80123BB118E7}.Debug|Win32.Build.0 = Debug|Win32
		{7BD311BE-BF79-43B5-BDCA-80123BB118E7}.Debug|x64.ActiveCfg = Debug|x64
		{7BD311BE-BF79-43B5-BDCA-80123BB118E7}.Debug|x64.Build.0 = Debug|x64
		{7BD311BE-BF79-43B5-BDCA-80123BB118E7}.Release|Win32.ActiveCfg = Release|Win32
		{7BD311BE-BF79-43B5-BDCA-80123BB118E7}.Release|Win32.Build.0 = Release|Win32
		{7BD311BE-BF79-43B5-BDCA-80123BB118E7}.Release|x64.ActiveCfg = Release|x64
		{7BD311BE-BF79-43B5-BDCA-80123BB118E7}.Release|x64.Build.0 = Release|x64
		{FCB8E576-A433-4B33-A12B-4FAA1F48D676}.Debug|Win32.ActiveCfg = Debug|Win32
		{FCB8E576-A433-4B33-A12B-4FAA1F48D676}.Debug|Win32.Build.0 = Debug|Win32
		{FCB8E576-A433-4B33-A12B-4FAA1F48D676}.Debug|x64.ActiveCfg = Debug|x64
		{FCB8E576-A433-4B33-A12B-4FAA1F48D676}.Debug|x64.Build.0 = Debug|x64
		{FCB8E576-A433-4B33-A12B-4FAA1F48D676}.Release|Win32.ActiveCfg = Release|Win32
		{FCB8E576-A433-4B33-A12B-4FAA1F48D676}.Release|Win32.Build.0 = Release|Win32
		{FCB8E576-A433-4B33-A12B-4FAA1F48D676}.Release|x64.ActiveCfg = Release|x64
		{FCB8E576-A433-4B33-A12B-4FAA1F48D676}.Release|x64.Build.0 = Release|x64
	EndGlobalSection
	GlobalSection(SolutionProperties) = preSolution
		HideSolutionNode = FALSE
	EndGlobalSection
EndGlobal
